// !$*UTF8*$!
{
	archiveVersion = 1;
	classes = {
	};
	objectVersion = 50;
	objects = {

/* Begin PBXBuildFile section */
		D82E7BB32867BFD700DE0D28 /* AppDelegate.swift in Sources */ = {isa = PBXBuildFile; fileRef = D82E7BB22867BFD700DE0D28 /* AppDelegate.swift */; };
		D82E7BB52867BFD700DE0D28 /* SceneDelegate.swift in Sources */ = {isa = PBXBuildFile; fileRef = D82E7BB42867BFD700DE0D28 /* SceneDelegate.swift */; };
		D82E7BB72867BFD700DE0D28 /* ViewController.swift in Sources */ = {isa = PBXBuildFile; fileRef = D82E7BB62867BFD700DE0D28 /* ViewController.swift */; };
		D82E7BBA2867BFD700DE0D28 /* Main.storyboard in Resources */ = {isa = PBXBuildFile; fileRef = D82E7BB82867BFD700DE0D28 /* Main.storyboard */; };
		D82E7BBC2867BFD800DE0D28 /* Assets.xcassets in Resources */ = {isa = PBXBuildFile; fileRef = D82E7BBB2867BFD800DE0D28 /* Assets.xcassets */; };
		D82E7BBF2867BFD800DE0D28 /* LaunchScreen.storyboard in Resources */ = {isa = PBXBuildFile; fileRef = D82E7BBD2867BFD800DE0D28 /* LaunchScreen.storyboard */; };
/* End PBXBuildFile section */

/* Begin PBXFileReference section */
		D82E7BAF2867BFD700DE0D28 /* MorgatgeCalculator.app */ = {isa = PBXFileReference; explicitFileType = wrapper.application; includeInIndex = 0; path = MorgatgeCalculator.app; sourceTree = BUILT_PRODUCTS_DIR; };
		D82E7BB22867BFD700DE0D28 /* AppDelegate.swift */ = {isa = PBXFileReference; lastKnownFileType = sourcecode.swift; path = AppDelegate.swift; sourceTree = "<group>"; };
		D82E7BB42867BFD700DE0D28 /* SceneDelegate.swift */ = {isa = PBXFileReference; lastKnownFileType = sourcecode.swift; path = SceneDelegate.swift; sourceTree = "<group>"; };
		D82E7BB62867BFD700DE0D28 /* ViewController.swift */ = {isa = PBXFileReference; lastKnownFileType = sourcecode.swift; path = ViewController.swift; sourceTree = "<group>"; };
		D82E7BB92867BFD700DE0D28 /* Base */ = {isa = PBXFileReference; lastKnownFileType = file.storyboard; name = Base; path = Base.lproj/Main.storyboard; sourceTree = "<group>"; };
		D82E7BBB2867BFD800DE0D28 /* Assets.xcassets */ = {isa = PBXFileReference; lastKnownFileType = folder.assetcatalog; path = Assets.xcassets; sourceTree = "<group>"; };
		D82E7BBE2867BFD800DE0D28 /* Base */ = {isa = PBXFileReference; lastKnownFileType = file.storyboard; name = Base; path = Base.lproj/LaunchScreen.storyboard; sourceTree = "<group>"; };
		D82E7BC02867BFD800DE0D28 /* Info.plist */ = {isa = PBXFileReference; lastKnownFileType = text.plist.xml; path = Info.plist; sourceTree = "<group>"; };
		D82E7BCB2867C12100DE0D28 /* en */ = {isa = PBXFileReference; lastKnownFileType = text.plist.strings; name = en; path = en.lproj/Main.strings; sourceTree = "<group>"; };
/* End PBXFileReference section */

/* Begin PBXFrameworksBuildPhase section */
		D82E7BAC2867BFD700DE0D28 /* Frameworks */ = {
			isa = PBXFrameworksBuildPhase;
			buildActionMask = 2147483647;
			files = (
			);
			runOnlyForDeploymentPostprocessing = 0;
		};
/* End PBXFrameworksBuildPhase section */

/* Begin PBXGroup section */
		D82E7BA62867BFD700DE0D28 = {
			isa = PBXGroup;
			children = (
				D82E7BB12867BFD700DE0D28 /* MorgatgeCalculator */,
				D82E7BB02867BFD700DE0D28 /* Products */,
			);
			sourceTree = "<group>";
		};
		D82E7BB02867BFD700DE0D28 /* Products */ = {
			isa = PBXGroup;
			children = (
				D82E7BAF2867BFD700DE0D28 /* MorgatgeCalculator.app */,
			);
			name = Products;
			sourceTree = "<group>";
		};
		D82E7BB12867BFD700DE0D28 /* MorgatgeCalculator */ = {
			isa = PBXGroup;
			children = (
				D82E7BB22867BFD700DE0D28 /* AppDelegate.swift */,
				D82E7BB42867BFD700DE0D28 /* SceneDelegate.swift */,
				D82E7BB62867BFD700DE0D28 /* ViewController.swift */,
				D82E7BB82867BFD700DE0D28 /* Main.storyboard */,
				D82E7BBB2867BFD800DE0D28 /* Assets.xcassets */,
				D82E7BBD2867BFD800DE0D28 /* LaunchScreen.storyboard */,
				D82E7BC02867BFD800DE0D28 /* Info.plist */,
			);
			path = MorgatgeCalculator;
			sourceTree = "<group>";
		};
/* End PBXGroup section */

/* Begin PBXNativeTarget section */
		D82E7BAE2867BFD700DE0D28 /* MorgatgeCalculator */ = {
			isa = PBXNativeTarget;
			buildConfigurationList = D82E7BC32867BFD800DE0D28 /* Build configuration list for PBXNativeTarget "MorgatgeCalculator" */;
			buildPhases = (
				D82E7BAB2867BFD700DE0D28 /* Sources */,
				D82E7BAC2867BFD700DE0D28 /* Frameworks */,
				D82E7BAD2867BFD700DE0D28 /* Resources */,
			);
			buildRules = (
			);
			dependencies = (
			);
			name = MorgatgeCalculator;
			productName = MorgatgeCalculator;
			productReference = D82E7BAF2867BFD700DE0D28 /* MorgatgeCalculator.app */;
			productType = "com.apple.product-type.application";
		};
/* End PBXNativeTarget section */

/* Begin PBXProject section */
		D82E7BA72867BFD700DE0D28 /* Project object */ = {
			isa = PBXProject;
			attributes = {
				LastSwiftUpdateCheck = 1230;
				LastUpgradeCheck = 1230;
				TargetAttributes = {
					D82E7BAE2867BFD700DE0D28 = {
						CreatedOnToolsVersion = 12.3;
					};
				};
			};
			buildConfigurationList = D82E7BAA2867BFD700DE0D28 /* Build configuration list for PBXProject "MorgatgeCalculator" */;
			compatibilityVersion = "Xcode 9.3";
			developmentRegion = en;
			hasScannedForEncodings = 0;
			knownRegions = (
				en,
				Base,
			);
			mainGroup = D82E7BA62867BFD700DE0D28;
			productRefGroup = D82E7BB02867BFD700DE0D28 /* Products */;
			projectDirPath = "";
			projectRoot = "";
			targets = (
				D82E7BAE2867BFD700DE0D28 /* MorgatgeCalculator */,
			);
		};
/* End PBXProject section */

/* Begin PBXResourcesBuildPhase section */
		D82E7BAD2867BFD700DE0D28 /* Resources */ = {
			isa = PBXResourcesBuildPhase;
			buildActionMask = 2147483647;
			files = (
				D82E7BBF2867BFD800DE0D28 /* LaunchScreen.storyboard in Resources */,
				D82E7BBC2867BFD800DE0D28 /* Assets.xcassets in Resources */,
				D82E7BBA2867BFD700DE0D28 /* Main.storyboard in Resources */,
			);
			runOnlyForDeploymentPostprocessing = 0;
		};
/* End PBXResourcesBuildPhase section */

/* Begin PBXSourcesBuildPhase section */
		D82E7BAB2867BFD700DE0D28 /* Sources */ = {
			isa = PBXSourcesBuildPhase;
			buildActionMask = 2147483647;
			files = (
				D82E7BB72867BFD700DE0D28 /* ViewController.swift in Sources */,
				D82E7BB32867BFD700DE0D28 /* AppDelegate.swift in Sources */,
				D82E7BB52867BFD700DE0D28 /* SceneDelegate.swift in Sources */,
			);
			runOnlyForDeploymentPostprocessing = 0;
		};
/* End PBXSourcesBuildPhase section */

/* Begin PBXVariantGroup section */
		D82E7BB82867BFD700DE0D28 /* Main.storyboard */ = {
			isa = PBXVariantGroup;
			children = (
				D82E7BB92867BFD700DE0D28 /* Base */,
				D82E7BCB2867C12100DE0D28 /* en */,
			);
			name = Main.storyboard;
			sourceTree = "<group>";
		};
		D82E7BBD2867BFD800DE0D28 /* LaunchScreen.storyboard */ = {
			isa = PBXVariantGroup;
			children = (
				D82E7BBE2867BFD800DE0D28 /* Base */,
			);
			name = LaunchScreen.storyboard;
			sourceTree = "<group>";
		};
/* End PBXVariantGroup section */

/* Begin XCBuildConfiguration section */
		D82E7BC12867BFD800DE0D28 /* Debug */ = {
			isa = XCBuildConfiguration;
			buildSettings = {
				ALWAYS_SEARCH_USER_PATHS = NO;
				CLANG_ANALYZER_NONNULL = YES;
				CLANG_ANALYZER_NUMBER_OBJECT_CONVERSION = YES_AGGRESSIVE;
				CLANG_CXX_LANGUAGE_STANDARD = "gnu++14";
				CLANG_CXX_LIBRARY = "libc++";
				CLANG_ENABLE_MODULES = YES;
				CLANG_ENABLE_OBJC_ARC = YES;
				CLANG_ENABLE_OBJC_WEAK = YES;
				CLANG_WARN_BLOCK_CAPTURE_AUTORELEASING = YES;
				CLANG_WARN_BOOL_CONVERSION = YES;
				CLANG_WARN_COMMA = YES;
				CLANG_WARN_CONSTANT_CONVERSION = YES;
				CLANG_WARN_DEPRECATED_OBJC_IMPLEMENTATIONS = YES;
				CLANG_WARN_DIRECT_OBJC_ISA_USAGE = YES_ERROR;
				CLANG_WARN_DOCUMENTATION_COMMENTS = YES;
				CLANG_WARN_EMPTY_BODY = YES;
				CLANG_WARN_ENUM_CONVERSION = YES;
				CLANG_WARN_INFINITE_RECURSION = YES;
				CLANG_WARN_INT_CONVERSION = YES;
				CLANG_WARN_NON_LITERAL_NULL_CONVERSION = YES;
				CLANG_WARN_OBJC_IMPLICIT_RETAIN_SELF = YES;
				CLANG_WARN_OBJC_LITERAL_CONVERSION = YES;
				CLANG_WARN_OBJC_ROOT_CLASS = YES_ERROR;
				CLANG_WARN_QUOTED_INCLUDE_IN_FRAMEWORK_HEADER = YES;
				CLANG_WARN_RANGE_LOOP_ANALYSIS = YES;
				CLANG_WARN_STRICT_PROTOTYPES = YES;
				CLANG_WARN_SUSPICIOUS_MOVE = YES;
				CLANG_WARN_UNGUARDED_AVAILABILITY = YES_AGGRESSIVE;
				CLANG_WARN_UNREACHABLE_CODE = YES;
				CLANG_WARN__DUPLICATE_METHOD_MATCH = YES;
				COPY_PHASE_STRIP = NO;
				DEBUG_INFORMATION_FORMAT = dwarf;
				ENABLE_STRICT_OBJC_MSGSEND = YES;
				ENABLE_TESTABILITY = YES;
				GCC_C_LANGUAGE_STANDARD = gnu11;
				GCC_DYNAMIC_NO_PIC = NO;
				GCC_NO_COMMON_BLOCKS = YES;
				GCC_OPTIMIZATION_LEVEL = 0;
				GCC_PREPROCESSOR_DEFINITIONS = (
					"DEBUG=1",
					"$(inherited)",
				);
				GCC_WARN_64_TO_32_BIT_CONVERSION = YES;
				GCC_WARN_ABOUT_RETURN_TYPE = YES_ERROR;
				GCC_WARN_UNDECLARED_SELECTOR = YES;
				GCC_WARN_UNINITIALIZED_AUTOS = YES_AGGRESSIVE;
				GCC_WARN_UNUSED_FUNCTION = YES;
				GCC_WARN_UNUSED_VARIABLE = YES;
				IPHONEOS_DEPLOYMENT_TARGET = 14.3;
				MTL_ENABLE_DEBUG_INFO = INCLUDE_SOURCE;
				MTL_FAST_MATH = YES;
				ONLY_ACTIVE_ARCH = YES;
				SDKROOT = iphoneos;
				SWIFT_ACTIVE_COMPILATION_CONDITIONS = DEBUG;
				SWIFT_OPTIMIZATION_LEVEL = "-Onone";
			};
			name = Debug;
		};
		D82E7BC22867BFD800DE0D28 /* Release */ = {
			isa = XCBuildConfiguration;
			buildSettings = {
				ALWAYS_SEARCH_USER_PATHS = NO;
				CLANG_ANALYZER_NONNULL = YES;
				CLANG_ANALYZER_NUMBER_OBJECT_CONVERSION = YES_AGGRESSIVE;
				CLANG_CXX_LANGUAGE_STANDARD = "gnu++14";
				CLANG_CXX_LIBRARY = "libc++";
				CLANG_ENABLE_MODULES = YES;
				CLANG_ENABLE_OBJC_ARC = YES;
				CLANG_ENABLE_OBJC_WEAK = YES;
				CLANG_WARN_BLOCK_CAPTURE_AUTORELEASING = YES;
				CLANG_WARN_BOOL_CONVERSION = YES;
				CLANG_WARN_COMMA = YES;
				CLANG_WARN_CONSTANT_CONVERSION = YES;
				CLANG_WARN_DEPRECATED_OBJC_IMPLEMENTATIONS = YES;
				CLANG_WARN_DIRECT_OBJC_ISA_USAGE = YES_ERROR;
				CLANG_WARN_DOCUMENTATION_COMMENTS = YES;
				CLANG_WARN_EMPTY_BODY = YES;
				CLANG_WARN_ENUM_CONVERSION = YES;
				CLANG_WARN_INFINITE_RECURSION = YES;
				CLANG_WARN_INT_CONVERSION = YES;
				CLANG_WARN_NON_LITERAL_NULL_CONVERSION = YES;
				CLANG_WARN_OBJC_IMPLICIT_RETAIN_SELF = YES;
				CLANG_WARN_OBJC_LITERAL_CONVERSION = YES;
				CLANG_WARN_OBJC_ROOT_CLASS = YES_ERROR;
				CLANG_WARN_QUOTED_INCLUDE_IN_FRAMEWORK_HEADER = YES;
				CLANG_WARN_RANGE_LOOP_ANALYSIS = YES;
				CLANG_WARN_STRICT_PROTOTYPES = YES;
				CLANG_WARN_SUSPICIOUS_MOVE = YES;
				CLANG_WARN_UNGUARDED_AVAILABILITY = YES_AGGRESSIVE;
				CLANG_WARN_UNREACHABLE_CODE = YES;
				CLANG_WARN__DUPLICATE_METHOD_MATCH = YES;
				COPY_PHASE_STRIP = NO;
				DEBUG_INFORMATION_FORMAT = "dwarf-with-dsym";
				ENABLE_NS_ASSERTIONS = NO;
				ENABLE_STRICT_OBJC_MSGSEND = YES;
				GCC_C_LANGUAGE_STANDARD = gnu11;
				GCC_NO_COMMON_BLOCKS = YES;
				GCC_WARN_64_TO_32_BIT_CONVERSION = YES;
				GCC_WARN_ABOUT_RETURN_TYPE = YES_ERROR;
				GCC_WARN_UNDECLARED_SELECTOR = YES;
				GCC_WARN_UNINITIALIZED_AUTOS = YES_AGGRESSIVE;
				GCC_WARN_UNUSED_FUNCTION = YES;
				GCC_WARN_UNUSED_VARIABLE = YES;
				IPHONEOS_DEPLOYMENT_TARGET = 14.3;
				MTL_ENABLE_DEBUG_INFO = NO;
				MTL_FAST_MATH = YES;
				SDKROOT = iphoneos;
				SWIFT_COMPILATION_MODE = wholemodule;
				SWIFT_OPTIMIZATION_LEVEL = "-O";
				VALIDATE_PRODUCT = YES;
			};
			name = Release;
		};
		D82E7BC42867BFD800DE0D28 /* Debug */ = {
			isa = XCBuildConfiguration;
			buildSettings = {
				ASSETCATALOG_COMPILER_APPICON_NAME = AppIcon;
				ASSETCATALOG_COMPILER_GLOBAL_ACCENT_COLOR_NAME = AccentColor;
				CODE_SIGN_STYLE = Automatic;
				INFOPLIST_FILE = MorgatgeCalculator/Info.plist;
				LD_RUNPATH_SEARCH_PATHS = (
					"$(inherited)",
					"@executable_path/Frameworks",
				);
				PRODUCT_BUNDLE_IDENTIFIER = com.Thompson.MorgatgeCalculator;
				PRODUCT_NAME = "$(TARGET_NAME)";
				SWIFT_VERSION = 5.0;
				TARGETED_DEVICE_FAMILY = "1,2";
			};
			name = Debug;
		};
		D82E7BC52867BFD800DE0D28 /* Release */ = {
			isa = XCBuildConfiguration;
			buildSettings = {
				ASSETCATALOG_COMPILER_APPICON_NAME = AppIcon;
				ASSETCATALOG_COMPILER_GLOBAL_ACCENT_COLOR_NAME = AccentColor;
				CODE_SIGN_STYLE = Automatic;
				INFOPLIST_FILE = MorgatgeCalculator/Info.plist;
				LD_RUNPATH_SEARCH_PATHS = (
					"$(inherited)",
					"@executable_path/Frameworks",
				);
				PRODUCT_BUNDLE_IDENTIFIER = com.Thompson.MorgatgeCalculator;
				PRODUCT_NAME = "$(TARGET_NAME)";
				SWIFT_VERSION = 5.0;
				TARGETED_DEVICE_FAMILY = "1,2";
			};
			name = Release;
		};
/* End XCBuildConfiguration section */

/* Begin XCConfigurationList section */
		D82E7BAA2867BFD700DE0D28 /* Build configuration list for PBXProject "MorgatgeCalculator" */ = {
			isa = XCConfigurationList;
			buildConfigurations = (
				D82E7BC12867BFD800DE0D28 /* Debug */,
				D82E7BC22867BFD800DE0D28 /* Release */,
			);
			defaultConfigurationIsVisible = 0;
			defaultConfigurationName = Release;
		};
		D82E7BC32867BFD800DE0D28 /* Build configuration list for PBXNativeTarget "MorgatgeCalculator" */ = {
			isa = XCConfigurationList;
			buildConfigurations = (
				D82E7BC42867BFD800DE0D28 /* Debug */,
				D82E7BC52867BFD800DE0D28 /* Release */,
			);
			defaultConfigurationIsVisible = 0;
			defaultConfigurationName = Release;
		};
/* End XCConfigurationList section */
	};
	rootObject = D82E7BA72867BFD700DE0D28 /* Project object */;
}
